
Microsoft Visual Studio Solution File, Format Version 12.00
# Visual Studio Version 16
VisualStudioVersion = 16.0.33801.447
MinimumVisualStudioVersion = 10.0.40219.1
Project("{FAE04EC0-301F-11D3-BF4B-00C04F79EFBC}") = "WebApplicationNefc", "WebApplicationNefc.csproj", "{4EBC60D8-6904-4E76-B12A-22A4E74A6ACE}"
EndProject
Global
	GlobalSection(SolutionConfigurationPlatforms) = preSolution
		Debug|Any CPU = Debug|Any CPU
		Release|Any CPU = Release|Any CPU
	EndGlobalSection
	GlobalSection(ProjectConfigurationPlatforms) = postSolution
		{4EBC60D8-6904-4E76-B12A-22A4E74A6ACE}.Debug|Any CPU.ActiveCfg = Debug|Any CPU
		{4EBC60D8-6904-4E76-B12A-22A4E74A6ACE}.Debug|Any CPU.Build.0 = Debug|Any CPU
		{4EBC60D8-6904-4E76-B12A-22A4E74A6ACE}.Release|Any CPU.ActiveCfg = Release|Any CPU
		{4EBC60D8-6904-4E76-B12A-22A4E74A6ACE}.Release|Any CPU.Build.0 = Release|Any CPU
	EndGlobalSection
	GlobalSection(SolutionProperties) = preSolution
		HideSolutionNode = FALSE
	EndGlobalSection
	GlobalSection(ExtensibilityGlobals) = postSolution
		SolutionGuid = {769B7EBC-BE8C-42B7-B3F9-7916CA33371E}
	EndGlobalSection
EndGlobal
